
Microsoft Visual Studio Solution File, Format Version 12.00
# Visual Studio Version 17
VisualStudioVersion = 17.4.33205.214
MinimumVisualStudioVersion = 10.0.40219.1
Project("{FAE04EC0-301F-11D3-BF4B-00C04F79EFBC}") = "EF-Soft-Delete", "EF-Soft-Delete\EF-Soft-Delete.csproj", "{ED38D8E3-73B3-4C65-9C1D-E11489D9216C}"
EndProject
Global
	GlobalSection(SolutionConfigurationPlatforms) = preSolution
		Debug|Any CPU = Debug|Any CPU
		Release|Any CPU = Release|Any CPU
	EndGlobalSection
	GlobalSection(ProjectConfigurationPlatforms) = postSolution
		{ED38D8E3-73B3-4C65-9C1D-E11489D9216C}.Debug|Any CPU.ActiveCfg = Debug|Any CPU
		{ED38D8E3-73B3-4C65-9C1D-E11489D9216C}.Debug|Any CPU.Build.0 = Debug|Any CPU
		{ED38D8E3-73B3-4C65-9C1D-E11489D9216C}.Release|Any CPU.ActiveCfg = Release|Any CPU
		{ED38D8E3-73B3-4C65-9C1D-E11489D9216C}.Release|Any CPU.Build.0 = Release|Any CPU
	EndGlobalSection
	GlobalSection(SolutionProperties) = preSolution
		HideSolutionNode = FALSE
	EndGlobalSection
	GlobalSection(ExtensibilityGlobals) = postSolution
		SolutionGuid = {39598641-005D-438D-BF1A-D2BEC48F052A}
	EndGlobalSection
EndGlobal
